// !$*UTF8*$!
{
	archiveVersion = 1;
	classes = {
	};
	objectVersion = 48;
	objects = {

/* Begin PBXBuildFile section */
		FF5B6B1F1FBDB0ED00BFABA7 /* wage.swift in Sources */ = {isa = PBXBuildFile; fileRef = FF5B6B1E1FBDB0ED00BFABA7 /* wage.swift */; };
		FF5B6B221FBDB28500BFABA7 /* wage.swift in Sources */ = {isa = PBXBuildFile; fileRef = FF5B6B1E1FBDB0ED00BFABA7 /* wage.swift */; };
		FFFE05951FBD835700484FEF /* AppDelegate.swift in Sources */ = {isa = PBXBuildFile; fileRef = FFFE05941FBD835700484FEF /* AppDelegate.swift */; };
		FFFE05971FBD835700484FEF /* MainVC.swift in Sources */ = {isa = PBXBuildFile; fileRef = FFFE05961FBD835700484FEF /* MainVC.swift */; };
		FFFE059A1FBD835700484FEF /* Main.storyboard in Resources */ = {isa = PBXBuildFile; fileRef = FFFE05981FBD835700484FEF /* Main.storyboard */; };
		FFFE059C1FBD835700484FEF /* Assets.xcassets in Resources */ = {isa = PBXBuildFile; fileRef = FFFE059B1FBD835700484FEF /* Assets.xcassets */; };
		FFFE059F1FBD835700484FEF /* LaunchScreen.storyboard in Resources */ = {isa = PBXBuildFile; fileRef = FFFE059D1FBD835700484FEF /* LaunchScreen.storyboard */; };
		FFFE05AA1FBD835700484FEF /* Window_ShopperTests.swift in Sources */ = {isa = PBXBuildFile; fileRef = FFFE05A91FBD835700484FEF /* Window_ShopperTests.swift */; };
		FFFE05B51FBD835700484FEF /* Window_ShopperUITests.swift in Sources */ = {isa = PBXBuildFile; fileRef = FFFE05B41FBD835700484FEF /* Window_ShopperUITests.swift */; };
		FFFE05C51FBD851F00484FEF /* CurrencyTxtField.swift in Sources */ = {isa = PBXBuildFile; fileRef = FFFE05C41FBD851F00484FEF /* CurrencyTxtField.swift */; };
/* End PBXBuildFile section */

/* Begin PBXContainerItemProxy section */
		FFFE05A61FBD835700484FEF /* PBXContainerItemProxy */ = {
			isa = PBXContainerItemProxy;
			containerPortal = FFFE05891FBD835700484FEF /* Project object */;
			proxyType = 1;
			remoteGlobalIDString = FFFE05901FBD835700484FEF;
			remoteInfo = "Window-Shopper";
		};
		FFFE05B11FBD835700484FEF /* PBXContainerItemProxy */ = {
			isa = PBXContainerItemProxy;
			containerPortal = FFFE05891FBD835700484FEF /* Project object */;
			proxyType = 1;
			remoteGlobalIDString = FFFE05901FBD835700484FEF;
			remoteInfo = "Window-Shopper";
		};
/* End PBXContainerItemProxy section */

/* Begin PBXFileReference section */
		FF5B6B1E1FBDB0ED00BFABA7 /* wage.swift */ = {isa = PBXFileReference; lastKnownFileType = sourcecode.swift; path = wage.swift; sourceTree = "<group>"; };
		FFFE05911FBD835700484FEF /* Window-Shopper.app */ = {isa = PBXFileReference; explicitFileType = wrapper.application; includeInIndex = 0; path = "Window-Shopper.app"; sourceTree = BUILT_PRODUCTS_DIR; };
		FFFE05941FBD835700484FEF /* AppDelegate.swift */ = {isa = PBXFileReference; lastKnownFileType = sourcecode.swift; path = AppDelegate.swift; sourceTree = "<group>"; };
		FFFE05961FBD835700484FEF /* MainVC.swift */ = {isa = PBXFileReference; lastKnownFileType = sourcecode.swift; path = MainVC.swift; sourceTree = "<group>"; };
		FFFE05991FBD835700484FEF /* Base */ = {isa = PBXFileReference; lastKnownFileType = file.storyboard; name = Base; path = Base.lproj/Main.storyboard; sourceTree = "<group>"; };
		FFFE059B1FBD835700484FEF /* Assets.xcassets */ = {isa = PBXFileReference; lastKnownFileType = folder.assetcatalog; path = Assets.xcassets; sourceTree = "<group>"; };
		FFFE059E1FBD835700484FEF /* Base */ = {isa = PBXFileReference; lastKnownFileType = file.storyboard; name = Base; path = Base.lproj/LaunchScreen.storyboard; sourceTree = "<group>"; };
		FFFE05A01FBD835700484FEF /* Info.plist */ = {isa = PBXFileReference; lastKnownFileType = text.plist.xml; path = Info.plist; sourceTree = "<group>"; };
		FFFE05A51FBD835700484FEF /* Window-ShopperTests.xctest */ = {isa = PBXFileReference; explicitFileType = wrapper.cfbundle; includeInIndex = 0; path = "Window-ShopperTests.xctest"; sourceTree = BUILT_PRODUCTS_DIR; };
		FFFE05A91FBD835700484FEF /* Window_ShopperTests.swift */ = {isa = PBXFileReference; lastKnownFileType = sourcecode.swift; path = Window_ShopperTests.swift; sourceTree = "<group>"; };
		FFFE05AB1FBD835700484FEF /* Info.plist */ = {isa = PBXFileReference; lastKnownFileType = text.plist.xml; path = Info.plist; sourceTree = "<group>"; };
		FFFE05B01FBD835700484FEF /* Window-ShopperUITests.xctest */ = {isa = PBXFileReference; explicitFileType = wrapper.cfbundle; includeInIndex = 0; path = "Window-ShopperUITests.xctest"; sourceTree = BUILT_PRODUCTS_DIR; };
		FFFE05B41FBD835700484FEF /* Window_ShopperUITests.swift */ = {isa = PBXFileReference; lastKnownFileType = sourcecode.swift; path = Window_ShopperUITests.swift; sourceTree = "<group>"; };
		FFFE05B61FBD835700484FEF /* Info.plist */ = {isa = PBXFileReference; lastKnownFileType = text.plist.xml; path = Info.plist; sourceTree = "<group>"; };
		FFFE05C41FBD851F00484FEF /* CurrencyTxtField.swift */ = {isa = PBXFileReference; lastKnownFileType = sourcecode.swift; path = CurrencyTxtField.swift; sourceTree = "<group>"; };
/* End PBXFileReference section */

/* Begin PBXFrameworksBuildPhase section */
		FFFE058E1FBD835700484FEF /* Frameworks */ = {
			isa = PBXFrameworksBuildPhase;
			buildActionMask = 2147483647;
			files = (
			);
			runOnlyForDeploymentPostprocessing = 0;
		};
		FFFE05A21FBD835700484FEF /* Frameworks */ = {
			isa = PBXFrameworksBuildPhase;
			buildActionMask = 2147483647;
			files = (
			);
			runOnlyForDeploymentPostprocessing = 0;
		};
		FFFE05AD1FBD835700484FEF /* Frameworks */ = {
			isa = PBXFrameworksBuildPhase;
			buildActionMask = 2147483647;
			files = (
			);
			runOnlyForDeploymentPostprocessing = 0;
		};
/* End PBXFrameworksBuildPhase section */

/* Begin PBXGroup section */
		FF5B6B1D1FBDB0D600BFABA7 /* Model */ = {
			isa = PBXGroup;
			children = (
				FF5B6B1E1FBDB0ED00BFABA7 /* wage.swift */,
			);
			path = Model;
			sourceTree = "<group>";
		};
		FFFE05881FBD835700484FEF = {
			isa = PBXGroup;
			children = (
				FFFE05931FBD835700484FEF /* Window-Shopper */,
				FFFE05A81FBD835700484FEF /* Window-ShopperTests */,
				FFFE05B31FBD835700484FEF /* Window-ShopperUITests */,
				FFFE05921FBD835700484FEF /* Products */,
			);
			sourceTree = "<group>";
		};
		FFFE05921FBD835700484FEF /* Products */ = {
			isa = PBXGroup;
			children = (
				FFFE05911FBD835700484FEF /* Window-Shopper.app */,
				FFFE05A51FBD835700484FEF /* Window-ShopperTests.xctest */,
				FFFE05B01FBD835700484FEF /* Window-ShopperUITests.xctest */,
			);
			name = Products;
			sourceTree = "<group>";
		};
		FFFE05931FBD835700484FEF /* Window-Shopper */ = {
			isa = PBXGroup;
			children = (
				FF5B6B1D1FBDB0D600BFABA7 /* Model */,
				FFFE05C31FBD84C000484FEF /* Views */,
				FFFE05C21FBD838000484FEF /* controller */,
				FFFE05941FBD835700484FEF /* AppDelegate.swift */,
				FFFE05981FBD835700484FEF /* Main.storyboard */,
				FFFE059B1FBD835700484FEF /* Assets.xcassets */,
				FFFE059D1FBD835700484FEF /* LaunchScreen.storyboard */,
				FFFE05A01FBD835700484FEF /* Info.plist */,
			);
			path = "Window-Shopper";
			sourceTree = "<group>";
		};
		FFFE05A81FBD835700484FEF /* Window-ShopperTests */ = {
			isa = PBXGroup;
			children = (
				FFFE05A91FBD835700484FEF /* Window_ShopperTests.swift */,
				FFFE05AB1FBD835700484FEF /* Info.plist */,
			);
			path = "Window-ShopperTests";
			sourceTree = "<group>";
		};
		FFFE05B31FBD835700484FEF /* Window-ShopperUITests */ = {
			isa = PBXGroup;
			children = (
				FFFE05B41FBD835700484FEF /* Window_ShopperUITests.swift */,
				FFFE05B61FBD835700484FEF /* Info.plist */,
			);
			path = "Window-ShopperUITests";
			sourceTree = "<group>";
		};
		FFFE05C21FBD838000484FEF /* controller */ = {
			isa = PBXGroup;
			children = (
				FFFE05961FBD835700484FEF /* MainVC.swift */,
			);
			path = controller;
			sourceTree = "<group>";
		};
		FFFE05C31FBD84C000484FEF /* Views */ = {
			isa = PBXGroup;
			children = (
				FFFE05C41FBD851F00484FEF /* CurrencyTxtField.swift */,
			);
			path = Views;
			sourceTree = "<group>";
		};
/* End PBXGroup section */

/* Begin PBXNativeTarget section */
		FFFE05901FBD835700484FEF /* Window-Shopper */ = {
			isa = PBXNativeTarget;
			buildConfigurationList = FFFE05B91FBD835700484FEF /* Build configuration list for PBXNativeTarget "Window-Shopper" */;
			buildPhases = (
				FFFE058D1FBD835700484FEF /* Sources */,
				FFFE058E1FBD835700484FEF /* Frameworks */,
				FFFE058F1FBD835700484FEF /* Resources */,
			);
			buildRules = (
			);
			dependencies = (
			);
			name = "Window-Shopper";
			productName = "Window-Shopper";
			productReference = FFFE05911FBD835700484FEF /* Window-Shopper.app */;
			productType = "com.apple.product-type.application";
		};
		FFFE05A41FBD835700484FEF /* Window-ShopperTests */ = {
			isa = PBXNativeTarget;
			buildConfigurationList = FFFE05BC1FBD835700484FEF /* Build configuration list for PBXNativeTarget "Window-ShopperTests" */;
			buildPhases = (
				FFFE05A11FBD835700484FEF /* Sources */,
				FFFE05A21FBD835700484FEF /* Frameworks */,
				FFFE05A31FBD835700484FEF /* Resources */,
			);
			buildRules = (
			);
			dependencies = (
				FFFE05A71FBD835700484FEF /* PBXTargetDependency */,
			);
			name = "Window-ShopperTests";
			productName = "Window-ShopperTests";
			productReference = FFFE05A51FBD835700484FEF /* Window-ShopperTests.xctest */;
			productType = "com.apple.product-type.bundle.unit-test";
		};
		FFFE05AF1FBD835700484FEF /* Window-ShopperUITests */ = {
			isa = PBXNativeTarget;
			buildConfigurationList = FFFE05BF1FBD835700484FEF /* Build configuration list for PBXNativeTarget "Window-ShopperUITests" */;
			buildPhases = (
				FFFE05AC1FBD835700484FEF /* Sources */,
				FFFE05AD1FBD835700484FEF /* Frameworks */,
				FFFE05AE1FBD835700484FEF /* Resources */,
			);
			buildRules = (
			);
			dependencies = (
				FFFE05B21FBD835700484FEF /* PBXTargetDependency */,
			);
			name = "Window-ShopperUITests";
			productName = "Window-ShopperUITests";
			productReference = FFFE05B01FBD835700484FEF /* Window-ShopperUITests.xctest */;
			productType = "com.apple.product-type.bundle.ui-testing";
		};
/* End PBXNativeTarget section */

/* Begin PBXProject section */
		FFFE05891FBD835700484FEF /* Project object */ = {
			isa = PBXProject;
			attributes = {
				LastSwiftUpdateCheck = 0910;
				LastUpgradeCheck = 0910;
				ORGANIZATIONNAME = TheNextG;
				TargetAttributes = {
					FFFE05901FBD835700484FEF = {
						CreatedOnToolsVersion = 9.1;
						ProvisioningStyle = Automatic;
					};
					FFFE05A41FBD835700484FEF = {
						CreatedOnToolsVersion = 9.1;
						ProvisioningStyle = Automatic;
						TestTargetID = FFFE05901FBD835700484FEF;
					};
					FFFE05AF1FBD835700484FEF = {
						CreatedOnToolsVersion = 9.1;
						ProvisioningStyle = Automatic;
						TestTargetID = FFFE05901FBD835700484FEF;
					};
				};
			};
			buildConfigurationList = FFFE058C1FBD835700484FEF /* Build configuration list for PBXProject "Window-Shopper" */;
			compatibilityVersion = "Xcode 8.0";
			developmentRegion = en;
			hasScannedForEncodings = 0;
			knownRegions = (
				en,
				Base,
			);
			mainGroup = FFFE05881FBD835700484FEF;
			productRefGroup = FFFE05921FBD835700484FEF /* Products */;
			projectDirPath = "";
			projectRoot = "";
			targets = (
				FFFE05901FBD835700484FEF /* Window-Shopper */,
				FFFE05A41FBD835700484FEF /* Window-ShopperTests */,
				FFFE05AF1FBD835700484FEF /* Window-ShopperUITests */,
			);
		};
/* End PBXProject section */

/* Begin PBXResourcesBuildPhase section */
		FFFE058F1FBD835700484FEF /* Resources */ = {
			isa = PBXResourcesBuildPhase;
			buildActionMask = 2147483647;
			files = (
				FFFE059F1FBD835700484FEF /* LaunchScreen.storyboard in Resources */,
				FFFE059C1FBD835700484FEF /* Assets.xcassets in Resources */,
				FFFE059A1FBD835700484FEF /* Main.storyboard in Resources */,
			);
			runOnlyForDeploymentPostprocessing = 0;
		};
		FFFE05A31FBD835700484FEF /* Resources */ = {
			isa = PBXResourcesBuildPhase;
			buildActionMask = 2147483647;
			files = (
			);
			runOnlyForDeploymentPostprocessing = 0;
		};
		FFFE05AE1FBD835700484FEF /* Resources */ = {
			isa = PBXResourcesBuildPhase;
			buildActionMask = 2147483647;
			files = (
			);
			runOnlyForDeploymentPostprocessing = 0;
		};
/* End PBXResourcesBuildPhase section */

/* Begin PBXSourcesBuildPhase section */
		FFFE058D1FBD835700484FEF /* Sources */ = {
			isa = PBXSourcesBuildPhase;
			buildActionMask = 2147483647;
			files = (
				FFFE05C51FBD851F00484FEF /* CurrencyTxtField.swift in Sources */,
				FF5B6B1F1FBDB0ED00BFABA7 /* wage.swift in Sources */,
				FFFE05971FBD835700484FEF /* MainVC.swift in Sources */,
				FFFE05951FBD835700484FEF /* AppDelegate.swift in Sources */,
			);
			runOnlyForDeploymentPostprocessing = 0;
		};
		FFFE05A11FBD835700484FEF /* Sources */ = {
			isa = PBXSourcesBuildPhase;
			buildActionMask = 2147483647;
			files = (
				FFFE05AA1FBD835700484FEF /* Window_ShopperTests.swift in Sources */,
				FF5B6B221FBDB28500BFABA7 /* wage.swift in Sources */,
			);
			runOnlyForDeploymentPostprocessing = 0;
		};
		FFFE05AC1FBD835700484FEF /* Sources */ = {
			isa = PBXSourcesBuildPhase;
			buildActionMask = 2147483647;
			files = (
				FFFE05B51FBD835700484FEF /* Window_ShopperUITests.swift in Sources */,
			);
			runOnlyForDeploymentPostprocessing = 0;
		};
/* End PBXSourcesBuildPhase section */

/* Begin PBXTargetDependency section */
		FFFE05A71FBD835700484FEF /* PBXTargetDependency */ = {
			isa = PBXTargetDependency;
			target = FFFE05901FBD835700484FEF /* Window-Shopper */;
			targetProxy = FFFE05A61FBD835700484FEF /* PBXContainerItemProxy */;
		};
		FFFE05B21FBD835700484FEF /* PBXTargetDependency */ = {
			isa = PBXTargetDependency;
			target = FFFE05901FBD835700484FEF /* Window-Shopper */;
			targetProxy = FFFE05B11FBD835700484FEF /* PBXContainerItemProxy */;
		};
/* End PBXTargetDependency section */

/* Begin PBXVariantGroup section */
		FFFE05981FBD835700484FEF /* Main.storyboard */ = {
			isa = PBXVariantGroup;
			children = (
				FFFE05991FBD835700484FEF /* Base */,
			);
			name = Main.storyboard;
			sourceTree = "<group>";
		};
		FFFE059D1FBD835700484FEF /* LaunchScreen.storyboard */ = {
			isa = PBXVariantGroup;
			children = (
				FFFE059E1FBD835700484FEF /* Base */,
			);
			name = LaunchScreen.storyboard;
			sourceTree = "<group>";
		};
/* End PBXVariantGroup section */

/* Begin XCBuildConfiguration section */
		FFFE05B71FBD835700484FEF /* Debug */ = {
			isa = XCBuildConfiguration;
			buildSettings = {
				ALWAYS_SEARCH_USER_PATHS = NO;
				CLANG_ANALYZER_NONNULL = YES;
				CLANG_ANALYZER_NUMBER_OBJECT_CONVERSION = YES_AGGRESSIVE;
				CLANG_CXX_LANGUAGE_STANDARD = "gnu++14";
				CLANG_CXX_LIBRARY = "libc++";
				CLANG_ENABLE_MODULES = YES;
				CLANG_ENABLE_OBJC_ARC = YES;
				CLANG_WARN_BLOCK_CAPTURE_AUTORELEASING = YES;
				CLANG_WARN_BOOL_CONVERSION = YES;
				CLANG_WARN_COMMA = YES;
				CLANG_WARN_CONSTANT_CONVERSION = YES;
				CLANG_WARN_DIRECT_OBJC_ISA_USAGE = YES_ERROR;
				CLANG_WARN_DOCUMENTATION_COMMENTS = YES;
				CLANG_WARN_EMPTY_BODY = YES;
				CLANG_WARN_ENUM_CONVERSION = YES;
				CLANG_WARN_INFINITE_RECURSION = YES;
				CLANG_WARN_INT_CONVERSION = YES;
				CLANG_WARN_NON_LITERAL_NULL_CONVERSION = YES;
				CLANG_WARN_OBJC_LITERAL_CONVERSION = YES;
				CLANG_WARN_OBJC_ROOT_CLASS = YES_ERROR;
				CLANG_WARN_RANGE_LOOP_ANALYSIS = YES;
				CLANG_WARN_STRICT_PROTOTYPES = YES;
				CLANG_WARN_SUSPICIOUS_MOVE = YES;
				CLANG_WARN_UNGUARDED_AVAILABILITY = YES_AGGRESSIVE;
				CLANG_WARN_UNREACHABLE_CODE = YES;
				CLANG_WARN__DUPLICATE_METHOD_MATCH = YES;
				CODE_SIGN_IDENTITY = "iPhone Developer";
				COPY_PHASE_STRIP = NO;
				DEBUG_INFORMATION_FORMAT = dwarf;
				ENABLE_STRICT_OBJC_MSGSEND = YES;
				ENABLE_TESTABILITY = YES;
				GCC_C_LANGUAGE_STANDARD = gnu11;
				GCC_DYNAMIC_NO_PIC = NO;
				GCC_NO_COMMON_BLOCKS = YES;
				GCC_OPTIMIZATION_LEVEL = 0;
				GCC_PREPROCESSOR_DEFINITIONS = (
					"DEBUG=1",
					"$(inherited)",
				);
				GCC_WARN_64_TO_32_BIT_CONVERSION = YES;
				GCC_WARN_ABOUT_RETURN_TYPE = YES_ERROR;
				GCC_WARN_UNDECLARED_SELECTOR = YES;
				GCC_WARN_UNINITIALIZED_AUTOS = YES_AGGRESSIVE;
				GCC_WARN_UNUSED_FUNCTION = YES;
				GCC_WARN_UNUSED_VARIABLE = YES;
				IPHONEOS_DEPLOYMENT_TARGET = 11.1;
				MTL_ENABLE_DEBUG_INFO = YES;
				ONLY_ACTIVE_ARCH = YES;
				SDKROOT = iphoneos;
				SWIFT_ACTIVE_COMPILATION_CONDITIONS = DEBUG;
				SWIFT_OPTIMIZATION_LEVEL = "-Onone";
			};
			name = Debug;
		};
		FFFE05B81FBD835700484FEF /* Release */ = {
			isa = XCBuildConfiguration;
			buildSettings = {
				ALWAYS_SEARCH_USER_PATHS = NO;
				CLANG_ANALYZER_NONNULL = YES;
				CLANG_ANALYZER_NUMBER_OBJECT_CONVERSION = YES_AGGRESSIVE;
				CLANG_CXX_LANGUAGE_STANDARD = "gnu++14";
				CLANG_CXX_LIBRARY = "libc++";
				CLANG_ENABLE_MODULES = YES;
				CLANG_ENABLE_OBJC_ARC = YES;
				CLANG_WARN_BLOCK_CAPTURE_AUTORELEASING = YES;
				CLANG_WARN_BOOL_CONVERSION = YES;
				CLANG_WARN_COMMA = YES;
				CLANG_WARN_CONSTANT_CONVERSION = YES;
				CLANG_WARN_DIRECT_OBJC_ISA_USAGE = YES_ERROR;
				CLANG_WARN_DOCUMENTATION_COMMENTS = YES;
				CLANG_WARN_EMPTY_BODY = YES;
				CLANG_WARN_ENUM_CONVERSION = YES;
				CLANG_WARN_INFINITE_RECURSION = YES;
				CLANG_WARN_INT_CONVERSION = YES;
				CLANG_WARN_NON_LITERAL_NULL_CONVERSION = YES;
				CLANG_WARN_OBJC_LITERAL_CONVERSION = YES;
				CLANG_WARN_OBJC_ROOT_CLASS = YES_ERROR;
				CLANG_WARN_RANGE_LOOP_ANALYSIS = YES;
				CLANG_WARN_STRICT_PROTOTYPES = YES;
				CLANG_WARN_SUSPICIOUS_MOVE = YES;
				CLANG_WARN_UNGUARDED_AVAILABILITY = YES_AGGRESSIVE;
				CLANG_WARN_UNREACHABLE_CODE = YES;
				CLANG_WARN__DUPLICATE_METHOD_MATCH = YES;
				CODE_SIGN_IDENTITY = "iPhone Developer";
				COPY_PHASE_STRIP = NO;
				DEBUG_INFORMATION_FORMAT = "dwarf-with-dsym";
				ENABLE_NS_ASSERTIONS = NO;
				ENABLE_STRICT_OBJC_MSGSEND = YES;
				GCC_C_LANGUAGE_STANDARD = gnu11;
				GCC_NO_COMMON_BLOCKS = YES;
				GCC_WARN_64_TO_32_BIT_CONVERSION = YES;
				GCC_WARN_ABOUT_RETURN_TYPE = YES_ERROR;
				GCC_WARN_UNDECLARED_SELECTOR = YES;
				GCC_WARN_UNINITIALIZED_AUTOS = YES_AGGRESSIVE;
				GCC_WARN_UNUSED_FUNCTION = YES;
				GCC_WARN_UNUSED_VARIABLE = YES;
				IPHONEOS_DEPLOYMENT_TARGET = 11.1;
				MTL_ENABLE_DEBUG_INFO = NO;
				SDKROOT = iphoneos;
				SWIFT_OPTIMIZATION_LEVEL = "-Owholemodule";
				VALIDATE_PRODUCT = YES;
			};
			name = Release;
		};
		FFFE05BA1FBD835700484FEF /* Debug */ = {
			isa = XCBuildConfiguration;
			buildSettings = {
				ASSETCATALOG_COMPILER_APPICON_NAME = AppIcon;
				CODE_SIGN_STYLE = Automatic;
				DEVELOPMENT_TEAM = UM6QP863P6;
				INFOPLIST_FILE = "Window-Shopper/Info.plist";
				LD_RUNPATH_SEARCH_PATHS = "$(inherited) @executable_path/Frameworks";
				PRODUCT_BUNDLE_IDENTIFIER = "com.thenextg.Window-Shopper";
				PRODUCT_NAME = "$(TARGET_NAME)";
				SWIFT_VERSION = 4.0;
				TARGETED_DEVICE_FAMILY = "1,2";
			};
			name = Debug;
		};
		FFFE05BB1FBD835700484FEF /* Release */ = {
			isa = XCBuildConfiguration;
			buildSettings = {
				ASSETCATALOG_COMPILER_APPICON_NAME = AppIcon;
				CODE_SIGN_STYLE = Automatic;
				DEVELOPMENT_TEAM = UM6QP863P6;
				INFOPLIST_FILE = "Window-Shopper/Info.plist";
				LD_RUNPATH_SEARCH_PATHS = "$(inherited) @executable_path/Frameworks";
				PRODUCT_BUNDLE_IDENTIFIER = "com.thenextg.Window-Shopper";
				PRODUCT_NAME = "$(TARGET_NAME)";
				SWIFT_VERSION = 4.0;
				TARGETED_DEVICE_FAMILY = "1,2";
			};
			name = Release;
		};
		FFFE05BD1FBD835700484FEF /* Debug */ = {
			isa = XCBuildConfiguration;
			buildSettings = {
				ALWAYS_EMBED_SWIFT_STANDARD_LIBRARIES = YES;
				BUNDLE_LOADER = "$(TEST_HOST)";
				CODE_SIGN_STYLE = Automatic;
				DEVELOPMENT_TEAM = UM6QP863P6;
				INFOPLIST_FILE = "Window-ShopperTests/Info.plist";
				LD_RUNPATH_SEARCH_PATHS = "$(inherited) @executable_path/Frameworks @loader_path/Frameworks";
				PRODUCT_BUNDLE_IDENTIFIER = "com.thenextg.Window-ShopperTests";
				PRODUCT_NAME = "$(TARGET_NAME)";
				SWIFT_VERSION = 4.0;
				TARGETED_DEVICE_FAMILY = "1,2";
				TEST_HOST = "$(BUILT_PRODUCTS_DIR)/Window-Shopper.app/Window-Shopper";
			};
			name = Debug;
		};
		FFFE05BE1FBD835700484FEF /* Release */ = {
			isa = XCBuildConfiguration;
			buildSettings = {
				ALWAYS_EMBED_SWIFT_STANDARD_LIBRARIES = YES;
				BUNDLE_LOADER = "$(TEST_HOST)";
				CODE_SIGN_STYLE = Automatic;
				DEVELOPMENT_TEAM = UM6QP863P6;
				INFOPLIST_FILE = "Window-ShopperTests/Info.plist";
				LD_RUNPATH_SEARCH_PATHS = "$(inherited) @executable_path/Frameworks @loader_path/Frameworks";
				PRODUCT_BUNDLE_IDENTIFIER = "com.thenextg.Window-ShopperTests";
				PRODUCT_NAME = "$(TARGET_NAME)";
				SWIFT_VERSION = 4.0;
				TARGETED_DEVICE_FAMILY = "1,2";
				TEST_HOST = "$(BUILT_PRODUCTS_DIR)/Window-Shopper.app/Window-Shopper";
			};
			name = Release;
		};
		FFFE05C01FBD835700484FEF /* Debug */ = {
			isa = XCBuildConfiguration;
			buildSettings = {
				ALWAYS_EMBED_SWIFT_STANDARD_LIBRARIES = YES;
				CODE_SIGN_STYLE = Automatic;
				DEVELOPMENT_TEAM = UM6QP863P6;
				INFOPLIST_FILE = "Window-ShopperUITests/Info.plist";
				LD_RUNPATH_SEARCH_PATHS = "$(inherited) @executable_path/Frameworks @loader_path/Frameworks";
				PRODUCT_BUNDLE_IDENTIFIER = "com.thenextg.Window-ShopperUITests";
				PRODUCT_NAME = "$(TARGET_NAME)";
				SWIFT_VERSION = 4.0;
				TARGETED_DEVICE_FAMILY = "1,2";
				TEST_TARGET_NAME = "Window-Shopper";
			};
			name = Debug;
		};
		FFFE05C11FBD835700484FEF /* Release */ = {
			isa = XCBuildConfiguration;
			buildSettings = {
				ALWAYS_EMBED_SWIFT_STANDARD_LIBRARIES = YES;
				CODE_SIGN_STYLE = Automatic;
				DEVELOPMENT_TEAM = UM6QP863P6;
				INFOPLIST_FILE = "Window-ShopperUITests/Info.plist";
				LD_RUNPATH_SEARCH_PATHS = "$(inherited) @executable_path/Frameworks @loader_path/Frameworks";
				PRODUCT_BUNDLE_IDENTIFIER = "com.thenextg.Window-ShopperUITests";
				PRODUCT_NAME = "$(TARGET_NAME)";
				SWIFT_VERSION = 4.0;
				TARGETED_DEVICE_FAMILY = "1,2";
				TEST_TARGET_NAME = "Window-Shopper";
			};
			name = Release;
		};
/* End XCBuildConfiguration section */

/* Begin XCConfigurationList section */
		FFFE058C1FBD835700484FEF /* Build configuration list for PBXProject "Window-Shopper" */ = {
			isa = XCConfigurationList;
			buildConfigurations = (
				FFFE05B71FBD835700484FEF /* Debug */,
				FFFE05B81FBD835700484FEF /* Release */,
			);
			defaultConfigurationIsVisible = 0;
			defaultConfigurationName = Release;
		};
		FFFE05B91FBD835700484FEF /* Build configuration list for PBXNativeTarget "Window-Shopper" */ = {
			isa = XCConfigurationList;
			buildConfigurations = (
				FFFE05BA1FBD835700484FEF /* Debug */,
				FFFE05BB1FBD835700484FEF /* Release */,
			);
			defaultConfigurationIsVisible = 0;
			defaultConfigurationName = Release;
		};
		FFFE05BC1FBD835700484FEF /* Build configuration list for PBXNativeTarget "Window-ShopperTests" */ = {
			isa = XCConfigurationList;
			buildConfigurations = (
				FFFE05BD1FBD835700484FEF /* Debug */,
				FFFE05BE1FBD835700484FEF /* Release */,
			);
			defaultConfigurationIsVisible = 0;
			defaultConfigurationName = Release;
		};
		FFFE05BF1FBD835700484FEF /* Build configuration list for PBXNativeTarget "Window-ShopperUITests" */ = {
			isa = XCConfigurationList;
			buildConfigurations = (
				FFFE05C01FBD835700484FEF /* Debug */,
				FFFE05C11FBD835700484FEF /* Release */,
			);
			defaultConfigurationIsVisible = 0;
			defaultConfigurationName = Release;
		};
/* End XCConfigurationList section */
	};
	rootObject = FFFE05891FBD835700484FEF /* Project object */;
}
